
Microsoft Visual Studio Solution File, Format Version 12.00
# Visual Studio 15
VisualStudioVersion = 15.0.27130.2024
MinimumVisualStudioVersion = 10.0.40219.1
Project("{FAE04EC0-301F-11D3-BF4B-00C04F79EFBC}") = "RestaurantManager", "RestaurantManager\RestaurantManager.csproj", "{78CDD14E-DE99-4E03-A772-C79AA70BCC01}"
EndProject
Global
	GlobalSection(SolutionConfigurationPlatforms) = preSolution
		Debug|Any CPU = Debug|Any CPU
		Release|Any CPU = Release|Any CPU
	EndGlobalSection
	GlobalSection(ProjectConfigurationPlatforms) = postSolution
		{78CDD14E-DE99-4E03-A772-C79AA70BCC01}.Debug|Any CPU.ActiveCfg = Debug|Any CPU
		{78CDD14E-DE99-4E03-A772-C79AA70BCC01}.Debug|Any CPU.Build.0 = Debug|Any CPU
		{78CDD14E-DE99-4E03-A772-C79AA70BCC01}.Release|Any CPU.ActiveCfg = Release|Any CPU
		{78CDD14E-DE99-4E03-A772-C79AA70BCC01}.Release|Any CPU.Build.0 = Release|Any CPU
	EndGlobalSection
	GlobalSection(SolutionProperties) = preSolution
		HideSolutionNode = FALSE
	EndGlobalSection
	GlobalSection(ExtensibilityGlobals) = postSolution
		SolutionGuid = {CEEB96F9-5C79-440F-AC0B-4F414ECC0BFB}
	EndGlobalSection
EndGlobal
